
Microsoft Visual Studio Solution File, Format Version 12.00
# Visual Studio Version 17
VisualStudioVersion = 17.7.34018.315
MinimumVisualStudioVersion = 10.0.40219.1
Project("{FAE04EC0-301F-11D3-BF4B-00C04F79EFBC}") = "ASPCMVC06", "ASPCMVC06\ASPCMVC06.csproj", "{128808DD-A4B9-444C-92B6-D8D49E0D9CA2}"
EndProject
Project("{FAE04EC0-301F-11D3-BF4B-00C04F79EFBC}") = "ASPCMVC07", "ASPCMVC07\ASPCMVC07.csproj", "{87DA3995-E4CC-497A-B75F-7FF9FBEB8485}"
EndProject
Global
	GlobalSection(SolutionConfigurationPlatforms) = preSolution
		Debug|Any CPU = Debug|Any CPU
		Release|Any CPU = Release|Any CPU
	EndGlobalSection
	GlobalSection(ProjectConfigurationPlatforms) = postSolution
		{128808DD-A4B9-444C-92B6-D8D49E0D9CA2}.Debug|Any CPU.ActiveCfg = Debug|Any CPU
		{128808DD-A4B9-444C-92B6-D8D49E0D9CA2}.Debug|Any CPU.Build.0 = Debug|Any CPU
		{128808DD-A4B9-444C-92B6-D8D49E0D9CA2}.Release|Any CPU.ActiveCfg = Release|Any CPU
		{128808DD-A4B9-444C-92B6-D8D49E0D9CA2}.Release|Any CPU.Build.0 = Release|Any CPU
		{87DA3995-E4CC-497A-B75F-7FF9FBEB8485}.Debug|Any CPU.ActiveCfg = Debug|Any CPU
		{87DA3995-E4CC-497A-B75F-7FF9FBEB8485}.Debug|Any CPU.Build.0 = Debug|Any CPU
		{87DA3995-E4CC-497A-B75F-7FF9FBEB8485}.Release|Any CPU.ActiveCfg = Release|Any CPU
		{87DA3995-E4CC-497A-B75F-7FF9FBEB8485}.Release|Any CPU.Build.0 = Release|Any CPU
	EndGlobalSection
	GlobalSection(SolutionProperties) = preSolution
		HideSolutionNode = FALSE
	EndGlobalSection
	GlobalSection(ExtensibilityGlobals) = postSolution
		SolutionGuid = {B291AB82-41B8-491F-BE2B-C7E1AA07B819}
	EndGlobalSection
EndGlobal
